
Microsoft Visual Studio Solution File, Format Version 12.00
# Visual Studio 15
VisualStudioVersion = 15.0.27703.2042
MinimumVisualStudioVersion = 10.0.40219.1
Project("{FAE04EC0-301F-11D3-BF4B-00C04F79EFBC}") = "KasperskySnake.Api", "KasperskySnake.Api\KasperskySnake.Api.csproj", "{3A82BC8D-B29C-460A-8FFC-5FF4CD197913}"
EndProject
Project("{FAE04EC0-301F-11D3-BF4B-00C04F79EFBC}") = "KasperskySnake.GameClient", "KasperskySnake.GameClient\KasperskySnake.GameClient.csproj", "{AAF32BC2-87A2-4A14-8125-1530FC82D0BA}"
EndProject
Global
	GlobalSection(SolutionConfigurationPlatforms) = preSolution
		Debug|Any CPU = Debug|Any CPU
		Release|Any CPU = Release|Any CPU
	EndGlobalSection
	GlobalSection(ProjectConfigurationPlatforms) = postSolution
		{3A82BC8D-B29C-460A-8FFC-5FF4CD197913}.Debug|Any CPU.ActiveCfg = Debug|Any CPU
		{3A82BC8D-B29C-460A-8FFC-5FF4CD197913}.Debug|Any CPU.Build.0 = Debug|Any CPU
		{3A82BC8D-B29C-460A-8FFC-5FF4CD197913}.Release|Any CPU.ActiveCfg = Release|Any CPU
		{3A82BC8D-B29C-460A-8FFC-5FF4CD197913}.Release|Any CPU.Build.0 = Release|Any CPU
		{AAF32BC2-87A2-4A14-8125-1530FC82D0BA}.Debug|Any CPU.ActiveCfg = Debug|Any CPU
		{AAF32BC2-87A2-4A14-8125-1530FC82D0BA}.Debug|Any CPU.Build.0 = Debug|Any CPU
		{AAF32BC2-87A2-4A14-8125-1530FC82D0BA}.Release|Any CPU.ActiveCfg = Release|Any CPU
		{AAF32BC2-87A2-4A14-8125-1530FC82D0BA}.Release|Any CPU.Build.0 = Release|Any CPU
	EndGlobalSection
	GlobalSection(SolutionProperties) = preSolution
		HideSolutionNode = FALSE
	EndGlobalSection
	GlobalSection(ExtensibilityGlobals) = postSolution
		SolutionGuid = {6FFF28E8-932A-4860-A604-E1FEFB126C82}
	EndGlobalSection
EndGlobal
